
Microsoft Visual Studio Solution File, Format Version 12.00
# Visual Studio 2013
VisualStudioVersion = 12.0.30501.0
MinimumVisualStudioVersion = 10.0.40219.1
Project("{2150E333-8FDC-42A3-9474-1A3956D46DE8}") = "Testes", "Testes", "{C010580E-4E29-4619-87F9-8B54FA7490E3}"
EndProject
Project("{2150E333-8FDC-42A3-9474-1A3956D46DE8}") = ".nuget", ".nuget", "{A4F015A9-82EF-484B-B3C6-71D0CAFEA8C1}"
	ProjectSection(SolutionItems) = preProject
		.nuget\NuGet.Config = .nuget\NuGet.Config
		.nuget\NuGet.exe = .nuget\NuGet.exe
		.nuget\NuGet.targets = .nuget\NuGet.targets
	EndProjectSection
EndProject
Project("{FAE04EC0-301F-11D3-BF4B-00C04F79EFBC}") = "Northwind.Tests", "Northwind.Tests\Northwind.Tests.csproj", "{F369520F-EF77-4E92-B4E4-9EBD78E4CB4B}"
EndProject
Project("{FAE04EC0-301F-11D3-BF4B-00C04F79EFBC}") = "Aquarius.Data.Tests", "Aquarius.Data.Tests\Aquarius.Data.Tests.csproj", "{0A02FEBC-0847-4314-849B-ED7EFA803199}"
EndProject
Project("{FAE04EC0-301F-11D3-BF4B-00C04F79EFBC}") = "Aquarius.Data.SqlClient.Tests", "Aquarius.Data.SqlClient.Tests\Aquarius.Data.SqlClient.Tests.csproj", "{8D767E8B-A5C7-44BB-866A-3C46741F7730}"
EndProject
Project("{FAE04EC0-301F-11D3-BF4B-00C04F79EFBC}") = "Aquarius.Data.EF.Testes", "Aquarius.Data.EF.Testes\Aquarius.Data.EF.Testes.csproj", "{8E0787A2-258B-4675-B93E-57F79D094BBF}"
EndProject
Project("{FAE04EC0-301F-11D3-BF4B-00C04F79EFBC}") = "Aquarius.Data.EF", "Aquarius.Data.EF\Aquarius.Data.EF.csproj", "{B0728FA9-2DB4-4118-9843-E507C7FCCF69}"
EndProject
Project("{FAE04EC0-301F-11D3-BF4B-00C04F79EFBC}") = "Aquarius.Seedwork", "Aquarius.Seedwork\Aquarius.Seedwork.csproj", "{DA107A8E-32FE-45C3-BAC2-F258B81AE8DC}"
EndProject
Global
	GlobalSection(SolutionConfigurationPlatforms) = preSolution
		Debug|Any CPU = Debug|Any CPU
		Release|Any CPU = Release|Any CPU
	EndGlobalSection
	GlobalSection(ProjectConfigurationPlatforms) = postSolution
		{F369520F-EF77-4E92-B4E4-9EBD78E4CB4B}.Debug|Any CPU.ActiveCfg = Debug|Any CPU
		{F369520F-EF77-4E92-B4E4-9EBD78E4CB4B}.Debug|Any CPU.Build.0 = Debug|Any CPU
		{F369520F-EF77-4E92-B4E4-9EBD78E4CB4B}.Release|Any CPU.ActiveCfg = Release|Any CPU
		{F369520F-EF77-4E92-B4E4-9EBD78E4CB4B}.Release|Any CPU.Build.0 = Release|Any CPU
		{0A02FEBC-0847-4314-849B-ED7EFA803199}.Debug|Any CPU.ActiveCfg = Debug|Any CPU
		{0A02FEBC-0847-4314-849B-ED7EFA803199}.Debug|Any CPU.Build.0 = Debug|Any CPU
		{0A02FEBC-0847-4314-849B-ED7EFA803199}.Release|Any CPU.ActiveCfg = Release|Any CPU
		{0A02FEBC-0847-4314-849B-ED7EFA803199}.Release|Any CPU.Build.0 = Release|Any CPU
		{8D767E8B-A5C7-44BB-866A-3C46741F7730}.Debug|Any CPU.ActiveCfg = Debug|Any CPU
		{8D767E8B-A5C7-44BB-866A-3C46741F7730}.Debug|Any CPU.Build.0 = Debug|Any CPU
		{8D767E8B-A5C7-44BB-866A-3C46741F7730}.Release|Any CPU.ActiveCfg = Release|Any CPU
		{8D767E8B-A5C7-44BB-866A-3C46741F7730}.Release|Any CPU.Build.0 = Release|Any CPU
		{8E0787A2-258B-4675-B93E-57F79D094BBF}.Debug|Any CPU.ActiveCfg = Debug|Any CPU
		{8E0787A2-258B-4675-B93E-57F79D094BBF}.Debug|Any CPU.Build.0 = Debug|Any CPU
		{8E0787A2-258B-4675-B93E-57F79D094BBF}.Release|Any CPU.ActiveCfg = Release|Any CPU
		{8E0787A2-258B-4675-B93E-57F79D094BBF}.Release|Any CPU.Build.0 = Release|Any CPU
		{B0728FA9-2DB4-4118-9843-E507C7FCCF69}.Debug|Any CPU.ActiveCfg = Debug|Any CPU
		{B0728FA9-2DB4-4118-9843-E507C7FCCF69}.Debug|Any CPU.Build.0 = Debug|Any CPU
		{B0728FA9-2DB4-4118-9843-E507C7FCCF69}.Release|Any CPU.ActiveCfg = Release|Any CPU
		{B0728FA9-2DB4-4118-9843-E507C7FCCF69}.Release|Any CPU.Build.0 = Release|Any CPU
		{DA107A8E-32FE-45C3-BAC2-F258B81AE8DC}.Debug|Any CPU.ActiveCfg = Debug|Any CPU
		{DA107A8E-32FE-45C3-BAC2-F258B81AE8DC}.Debug|Any CPU.Build.0 = Debug|Any CPU
		{DA107A8E-32FE-45C3-BAC2-F258B81AE8DC}.Release|Any CPU.ActiveCfg = Release|Any CPU
		{DA107A8E-32FE-45C3-BAC2-F258B81AE8DC}.Release|Any CPU.Build.0 = Release|Any CPU
	EndGlobalSection
	GlobalSection(SolutionProperties) = preSolution
		HideSolutionNode = FALSE
	EndGlobalSection
	GlobalSection(NestedProjects) = preSolution
		{F369520F-EF77-4E92-B4E4-9EBD78E4CB4B} = {C010580E-4E29-4619-87F9-8B54FA7490E3}
		{0A02FEBC-0847-4314-849B-ED7EFA803199} = {C010580E-4E29-4619-87F9-8B54FA7490E3}
		{8D767E8B-A5C7-44BB-866A-3C46741F7730} = {C010580E-4E29-4619-87F9-8B54FA7490E3}
		{8E0787A2-258B-4675-B93E-57F79D094BBF} = {C010580E-4E29-4619-87F9-8B54FA7490E3}
	EndGlobalSection
EndGlobal
